
Microsoft Visual Studio Solution File, Format Version 12.00
# Visual Studio Version 17
VisualStudioVersion = 17.3.32929.385
MinimumVisualStudioVersion = 10.0.40219.1
Project("{8BC9CEB8-8B4A-11D0-8D11-00A0C91BC942}") = "arreglos02", "arreglos02\arreglos02.vcxproj", "{9CDAA298-2951-44E7-8D11-F0A3ED455106}"
EndProject
Global
	GlobalSection(SolutionConfigurationPlatforms) = preSolution
		Debug|x64 = Debug|x64
		Debug|x86 = Debug|x86
		Release|x64 = Release|x64
		Release|x86 = Release|x86
	EndGlobalSection
	GlobalSection(ProjectConfigurationPlatforms) = postSolution
		{9CDAA298-2951-44E7-8D11-F0A3ED455106}.Debug|x64.ActiveCfg = Debug|x64
		{9CDAA298-2951-44E7-8D11-F0A3ED455106}.Debug|x64.Build.0 = Debug|x64
		{9CDAA298-2951-44E7-8D11-F0A3ED455106}.Debug|x86.ActiveCfg = Debug|Win32
		{9CDAA298-2951-44E7-8D11-F0A3ED455106}.Debug|x86.Build.0 = Debug|Win32
		{9CDAA298-2951-44E7-8D11-F0A3ED455106}.Release|x64.ActiveCfg = Release|x64
		{9CDAA298-2951-44E7-8D11-F0A3ED455106}.Release|x64.Build.0 = Release|x64
		{9CDAA298-2951-44E7-8D11-F0A3ED455106}.Release|x86.ActiveCfg = Release|Win32
		{9CDAA298-2951-44E7-8D11-F0A3ED455106}.Release|x86.Build.0 = Release|Win32
	EndGlobalSection
	GlobalSection(SolutionProperties) = preSolution
		HideSolutionNode = FALSE
	EndGlobalSection
	GlobalSection(ExtensibilityGlobals) = postSolution
		SolutionGuid = {306F57BE-EC6A-443D-82E3-40542D327D31}
	EndGlobalSection
EndGlobal
